
Microsoft Visual Studio Solution File, Format Version 12.00
# Visual Studio Version 17
VisualStudioVersion = 17.9.34723.18
MinimumVisualStudioVersion = 10.0.40219.1
Project("{9A19103F-16F7-4668-BE54-9A1E7A4F7556}") = "Core", "SudiPlanerCore\Core.csproj", "{32CC6CD6-FD77-4305-AE15-2F542972200F}"
EndProject
Project("{9A19103F-16F7-4668-BE54-9A1E7A4F7556}") = "Test", "Test\Test.csproj", "{603A5DAD-4DD0-4D5D-92CA-05DC051646FD}"
EndProject
Project("{FAE04EC0-301F-11D3-BF4B-00C04F79EFBC}") = "Headless", "Headless\Headless.csproj", "{A8532127-D984-4687-B2A9-75129B8B0DFE}"
	ProjectSection(ProjectDependencies) = postProject
		{32CC6CD6-FD77-4305-AE15-2F542972200F} = {32CC6CD6-FD77-4305-AE15-2F542972200F}
	EndProjectSection
EndProject
Global
	GlobalSection(SolutionConfigurationPlatforms) = preSolution
		Debug|Any CPU = Debug|Any CPU
		Release|Any CPU = Release|Any CPU
	EndGlobalSection
	GlobalSection(ProjectConfigurationPlatforms) = postSolution
		{32CC6CD6-FD77-4305-AE15-2F542972200F}.Debug|Any CPU.ActiveCfg = Debug|Any CPU
		{32CC6CD6-FD77-4305-AE15-2F542972200F}.Debug|Any CPU.Build.0 = Debug|Any CPU
		{32CC6CD6-FD77-4305-AE15-2F542972200F}.Release|Any CPU.ActiveCfg = Release|Any CPU
		{32CC6CD6-FD77-4305-AE15-2F542972200F}.Release|Any CPU.Build.0 = Release|Any CPU
		{603A5DAD-4DD0-4D5D-92CA-05DC051646FD}.Debug|Any CPU.ActiveCfg = Debug|Any CPU
		{603A5DAD-4DD0-4D5D-92CA-05DC051646FD}.Debug|Any CPU.Build.0 = Debug|Any CPU
		{603A5DAD-4DD0-4D5D-92CA-05DC051646FD}.Release|Any CPU.ActiveCfg = Release|Any CPU
		{603A5DAD-4DD0-4D5D-92CA-05DC051646FD}.Release|Any CPU.Build.0 = Release|Any CPU
		{A8532127-D984-4687-B2A9-75129B8B0DFE}.Debug|Any CPU.ActiveCfg = Debug|Any CPU
		{A8532127-D984-4687-B2A9-75129B8B0DFE}.Debug|Any CPU.Build.0 = Debug|Any CPU
		{A8532127-D984-4687-B2A9-75129B8B0DFE}.Release|Any CPU.ActiveCfg = Release|Any CPU
		{A8532127-D984-4687-B2A9-75129B8B0DFE}.Release|Any CPU.Build.0 = Release|Any CPU
	EndGlobalSection
	GlobalSection(SolutionProperties) = preSolution
		HideSolutionNode = FALSE
	EndGlobalSection
	GlobalSection(ExtensibilityGlobals) = postSolution
		SolutionGuid = {2514CD58-5B27-4C4B-98AE-85EC893E68A8}
	EndGlobalSection
EndGlobal
